
Microsoft Visual Studio Solution File, Format Version 12.00
# Visual Studio Version 17
VisualStudioVersion = 17.8.34330.188
MinimumVisualStudioVersion = 10.0.40219.1
Project("{FAE04EC0-301F-11D3-BF4B-00C04F79EFBC}") = "UserApi", "UserApi\UserApi.csproj", "{78FA8084-E42A-45B7-B01C-440969911BF8}"
EndProject
Global
	GlobalSection(SolutionConfigurationPlatforms) = preSolution
		Debug|Any CPU = Debug|Any CPU
		Release|Any CPU = Release|Any CPU
	EndGlobalSection
	GlobalSection(ProjectConfigurationPlatforms) = postSolution
		{78FA8084-E42A-45B7-B01C-440969911BF8}.Debug|Any CPU.ActiveCfg = Debug|Any CPU
		{78FA8084-E42A-45B7-B01C-440969911BF8}.Debug|Any CPU.Build.0 = Debug|Any CPU
		{78FA8084-E42A-45B7-B01C-440969911BF8}.Release|Any CPU.ActiveCfg = Release|Any CPU
		{78FA8084-E42A-45B7-B01C-440969911BF8}.Release|Any CPU.Build.0 = Release|Any CPU
	EndGlobalSection
	GlobalSection(SolutionProperties) = preSolution
		HideSolutionNode = FALSE
	EndGlobalSection
	GlobalSection(ExtensibilityGlobals) = postSolution
		SolutionGuid = {753F49DA-9765-4DCF-9776-348C652262B3}
	EndGlobalSection
EndGlobal
